
Microsoft Visual Studio Solution File, Format Version 12.00
# Visual Studio 15
VisualStudioVersion = 15.0.26430.16
MinimumVisualStudioVersion = 10.0.40219.1
Project("{FAE04EC0-301F-11D3-BF4B-00C04F79EFBC}") = "MonoTiled", "MonoTiled\MonoTiled.csproj", "{B1054372-56EC-4A68-A421-3A9D2C9F2803}"
EndProject
Global
	GlobalSection(SolutionConfigurationPlatforms) = preSolution
		Debug|x86 = Debug|x86
		Release|x86 = Release|x86
	EndGlobalSection
	GlobalSection(ProjectConfigurationPlatforms) = postSolution
		{B1054372-56EC-4A68-A421-3A9D2C9F2803}.Debug|x86.ActiveCfg = Debug|x86
		{B1054372-56EC-4A68-A421-3A9D2C9F2803}.Debug|x86.Build.0 = Debug|x86
		{B1054372-56EC-4A68-A421-3A9D2C9F2803}.Release|x86.ActiveCfg = Release|x86
		{B1054372-56EC-4A68-A421-3A9D2C9F2803}.Release|x86.Build.0 = Release|x86
	EndGlobalSection
	GlobalSection(SolutionProperties) = preSolution
		HideSolutionNode = FALSE
	EndGlobalSection
EndGlobal
